
Microsoft Visual Studio Solution File, Format Version 12.00
# Visual Studio Version 17
VisualStudioVersion = 17.8.34330.188
MinimumVisualStudioVersion = 10.0.40219.1
Project("{9A19103F-16F7-4668-BE54-9A1E7A4F7556}") = "PSI", "PSI.csproj", "{9D3A09DA-D5ED-492C-AC3B-F35111CC7335}"
EndProject
Project("{FAE04EC0-301F-11D3-BF4B-00C04F79EFBC}") = "TestProject1", "..\TestProject1\TestProject1.csproj", "{D3ADD626-FDFE-4DCB-8395-605D14358FB8}"
EndProject
Global
	GlobalSection(SolutionConfigurationPlatforms) = preSolution
		Debug|Any CPU = Debug|Any CPU
		Release|Any CPU = Release|Any CPU
	EndGlobalSection
	GlobalSection(ProjectConfigurationPlatforms) = postSolution
		{9D3A09DA-D5ED-492C-AC3B-F35111CC7335}.Debug|Any CPU.ActiveCfg = Debug|Any CPU
		{9D3A09DA-D5ED-492C-AC3B-F35111CC7335}.Debug|Any CPU.Build.0 = Debug|Any CPU
		{9D3A09DA-D5ED-492C-AC3B-F35111CC7335}.Release|Any CPU.ActiveCfg = Release|Any CPU
		{9D3A09DA-D5ED-492C-AC3B-F35111CC7335}.Release|Any CPU.Build.0 = Release|Any CPU
		{D3ADD626-FDFE-4DCB-8395-605D14358FB8}.Debug|Any CPU.ActiveCfg = Debug|Any CPU
		{D3ADD626-FDFE-4DCB-8395-605D14358FB8}.Debug|Any CPU.Build.0 = Debug|Any CPU
		{D3ADD626-FDFE-4DCB-8395-605D14358FB8}.Release|Any CPU.ActiveCfg = Release|Any CPU
		{D3ADD626-FDFE-4DCB-8395-605D14358FB8}.Release|Any CPU.Build.0 = Release|Any CPU
	EndGlobalSection
	GlobalSection(SolutionProperties) = preSolution
		HideSolutionNode = FALSE
	EndGlobalSection
	GlobalSection(ExtensibilityGlobals) = postSolution
		SolutionGuid = {164D187F-B981-40F6-B311-8C5138A38033}
	EndGlobalSection
EndGlobal
